{
  "lockfile_version": "1",
  "packages": {
    "awscli2@2.15.38": {
      "last_modified": "2024-04-19T17:36:04-04:00",
      "resolved": "github:NixOS/nixpkgs/92d295f588631b0db2da509f381b4fb1e74173c5#awscli2",
      "source": "devbox-search",
      "version": "2.15.38",
      "systems": {
        "aarch64-darwin": {
          "outputs": [
            {
              "name": "out",
              "path": "/nix/store/7mpb94xyxc4m0dpmmsb7g1jjn6r27j9n-awscli2-2.15.38",
              "default": true
            },
            {
              "name": "dist",
              "path": "/nix/store/drzy79540pad1hw8aqqk8yz8c75alzqy-awscli2-2.15.38-dist"
            }
          ],
          "store_path": "/nix/store/7mpb94xyxc4m0dpmmsb7g1jjn6r27j9n-awscli2-2.15.38"
        },
        "aarch64-linux": {
          "outputs": [
            {
              "name": "out",
              "path": "/nix/store/lkqw0qjbv3d5136qc55vk91n11xasydj-awscli2-2.15.38",
              "default": true
            },
            {
              "name": "dist",
              "path": "/nix/store/6my2ip4x4nnpxlpdzl38hw4xln8msyj4-awscli2-2.15.38-dist"
            }
          ],
          "store_path": "/nix/store/lkqw0qjbv3d5136qc55vk91n11xasydj-awscli2-2.15.38"
        },
        "x86_64-darwin": {
          "outputs": [
            {
              "name": "out",
              "path": "/nix/store/7abrr9j7kfihps5wbam5qwhd4xxvqhrz-awscli2-2.15.38",
              "default": true
            },
            {
              "name": "dist",
              "path": "/nix/store/fffd119idyjvvwmjhdf0n1lwkqwzflym-awscli2-2.15.38-dist"
            }
          ],
          "store_path": "/nix/store/7abrr9j7kfihps5wbam5qwhd4xxvqhrz-awscli2-2.15.38"
        },
        "x86_64-linux": {
          "outputs": [
            {
              "name": "out",
              "path": "/nix/store/xm88si6rhf8vrnlfxnpabsmlgfxiqa47-awscli2-2.15.38",
              "default": true
            },
            {
              "name": "dist",
              "path": "/nix/store/8l7fkf7nxygn55dz139y9gd12x9v2wv7-awscli2-2.15.38-dist"
            }
          ],
          "store_path": "/nix/store/xm88si6rhf8vrnlfxnpabsmlgfxiqa47-awscli2-2.15.38"
        }
      }
    },
    "bat@0.24.0": {
      "last_modified": "2024-04-19T17:36:04-04:00",
      "resolved": "github:NixOS/nixpkgs/92d295f588631b0db2da509f381b4fb1e74173c5#bat",
      "source": "devbox-search",
      "version": "0.24.0",
      "systems": {
        "aarch64-darwin": {
          "outputs": [
            {
              "name": "out",
              "path": "/nix/store/y5ivqqi6qsrl1cx43bzjx54lwzmn5nlq-bat-0.24.0",
              "default": true
            }
          ],
          "store_path": "/nix/store/y5ivqqi6qsrl1cx43bzjx54lwzmn5nlq-bat-0.24.0"
        },
        "aarch64-linux": {
          "outputs": [
            {
              "name": "out",
              "path": "/nix/store/6in98qzmj5hzgjvxwickh7wpaaamn8cc-bat-0.24.0",
              "default": true
            }
          ],
          "store_path": "/nix/store/6in98qzmj5hzgjvxwickh7wpaaamn8cc-bat-0.24.0"
        },
        "x86_64-darwin": {
          "outputs": [
            {
              "name": "out",
              "path": "/nix/store/y1lkjqzbdl7vsr2fpwgf95nngg4vaikb-bat-0.24.0",
              "default": true
            }
          ],
          "store_path": "/nix/store/y1lkjqzbdl7vsr2fpwgf95nngg4vaikb-bat-0.24.0"
        },
        "x86_64-linux": {
          "outputs": [
            {
              "name": "out",
              "path": "/nix/store/8iafkixj71qgpkiwp1alwsf3y10g50mi-bat-0.24.0",
              "default": true
            }
          ],
          "store_path": "/nix/store/8iafkixj71qgpkiwp1alwsf3y10g50mi-bat-0.24.0"
        }
      }
    },
    "buildpack@0.33.2": {
      "last_modified": "2024-04-19T17:36:04-04:00",
      "resolved": "github:NixOS/nixpkgs/92d295f588631b0db2da509f381b4fb1e74173c5#buildpack",
      "source": "devbox-search",
      "version": "0.33.2",
      "systems": {
        "aarch64-darwin": {
          "outputs": [
            {
              "name": "out",
              "path": "/nix/store/xszqhn8785ib69ky5r9jrbapcj6j86x2-pack-0.33.2",
              "default": true
            }
          ],
          "store_path": "/nix/store/xszqhn8785ib69ky5r9jrbapcj6j86x2-pack-0.33.2"
        },
        "aarch64-linux": {
          "outputs": [
            {
              "name": "out",
              "path": "/nix/store/vq3hnhlls3lk4migfg44cspyxna76mii-pack-0.33.2",
              "default": true
            }
          ],
          "store_path": "/nix/store/vq3hnhlls3lk4migfg44cspyxna76mii-pack-0.33.2"
        },
        "x86_64-darwin": {
          "outputs": [
            {
              "name": "out",
              "path": "/nix/store/50wcxy3n2jf65zx2p5djl6pivbvsjjzb-pack-0.33.2",
              "default": true
            }
          ],
          "store_path": "/nix/store/50wcxy3n2jf65zx2p5djl6pivbvsjjzb-pack-0.33.2"
        },
        "x86_64-linux": {
          "outputs": [
            {
              "name": "out",
              "path": "/nix/store/9ixbg40hqcnl2anfrzcpxlmxjnza5yxi-pack-0.33.2",
              "default": true
            }
          ],
          "store_path": "/nix/store/9ixbg40hqcnl2anfrzcpxlmxjnza5yxi-pack-0.33.2"
        }
      }
    },
    "crossplane-cli@1.15.2": {
      "last_modified": "2024-04-19T17:36:04-04:00",
      "resolved": "github:NixOS/nixpkgs/92d295f588631b0db2da509f381b4fb1e74173c5#crossplane-cli",
      "source": "devbox-search",
      "version": "1.15.2",
      "systems": {
        "aarch64-darwin": {
          "outputs": [
            {
              "name": "out",
              "path": "/nix/store/pdkjzjl9ljlrrv90bnfwg9qim6aq7rah-crossplane-cli-1.15.2",
              "default": true
            }
          ],
          "store_path": "/nix/store/pdkjzjl9ljlrrv90bnfwg9qim6aq7rah-crossplane-cli-1.15.2"
        },
        "aarch64-linux": {
          "outputs": [
            {
              "name": "out",
              "path": "/nix/store/plca0lnmjjz86x2w5sis9hd6m9zxm9g1-crossplane-cli-1.15.2",
              "default": true
            }
          ],
          "store_path": "/nix/store/plca0lnmjjz86x2w5sis9hd6m9zxm9g1-crossplane-cli-1.15.2"
        },
        "x86_64-darwin": {
          "outputs": [
            {
              "name": "out",
              "path": "/nix/store/0q296bg5hm3ihxn67s977nqmvc5a20ks-crossplane-cli-1.15.2",
              "default": true
            }
          ],
          "store_path": "/nix/store/0q296bg5hm3ihxn67s977nqmvc5a20ks-crossplane-cli-1.15.2"
        },
        "x86_64-linux": {
          "outputs": [
            {
              "name": "out",
              "path": "/nix/store/4h624bpwzp0wk3jqav2m8nql7h1xhv7a-crossplane-cli-1.15.2",
              "default": true
            }
          ],
          "store_path": "/nix/store/4h624bpwzp0wk3jqav2m8nql7h1xhv7a-crossplane-cli-1.15.2"
        }
      }
    },
    "eksctl@0.175.0": {
      "last_modified": "2024-04-19T17:36:04-04:00",
      "resolved": "github:NixOS/nixpkgs/92d295f588631b0db2da509f381b4fb1e74173c5#eksctl",
      "source": "devbox-search",
      "version": "0.175.0",
      "systems": {
        "aarch64-darwin": {
          "outputs": [
            {
              "name": "out",
              "path": "/nix/store/z7k15pvl64qlal76gfvwxqgrfxy3m3hz-eksctl-0.175.0",
              "default": true
            }
          ],
          "store_path": "/nix/store/z7k15pvl64qlal76gfvwxqgrfxy3m3hz-eksctl-0.175.0"
        },
        "aarch64-linux": {
          "outputs": [
            {
              "name": "out",
              "path": "/nix/store/qm5r6cq8rmqnf9rawc2jv8jy9jgkk3dl-eksctl-0.175.0",
              "default": true
            }
          ],
          "store_path": "/nix/store/qm5r6cq8rmqnf9rawc2jv8jy9jgkk3dl-eksctl-0.175.0"
        },
        "x86_64-darwin": {
          "outputs": [
            {
              "name": "out",
              "path": "/nix/store/0wlxbbxacz2f6bpzyi5q2ip40gpynzw7-eksctl-0.175.0",
              "default": true
            }
          ],
          "store_path": "/nix/store/0wlxbbxacz2f6bpzyi5q2ip40gpynzw7-eksctl-0.175.0"
        },
        "x86_64-linux": {
          "outputs": [
            {
              "name": "out",
              "path": "/nix/store/3yyv2j16swbrxs7acv4wyss8zc3vsbnl-eksctl-0.175.0",
              "default": true
            }
          ],
          "store_path": "/nix/store/3yyv2j16swbrxs7acv4wyss8zc3vsbnl-eksctl-0.175.0"
        }
      }
    },
    "gh@2.48.0": {
      "last_modified": "2024-04-19T17:36:04-04:00",
      "resolved": "github:NixOS/nixpkgs/92d295f588631b0db2da509f381b4fb1e74173c5#gh",
      "source": "devbox-search",
      "version": "2.48.0",
      "systems": {
        "aarch64-darwin": {
          "outputs": [
            {
              "name": "out",
              "path": "/nix/store/al0w11wik8xvjv311f9hdcni6lcbd22g-gh-2.48.0",
              "default": true
            }
          ],
          "store_path": "/nix/store/al0w11wik8xvjv311f9hdcni6lcbd22g-gh-2.48.0"
        },
        "aarch64-linux": {
          "outputs": [
            {
              "name": "out",
              "path": "/nix/store/fa3pwqlw4izfip7kg4c1iv7gdhwjgsf7-gh-2.48.0",
              "default": true
            }
          ],
          "store_path": "/nix/store/fa3pwqlw4izfip7kg4c1iv7gdhwjgsf7-gh-2.48.0"
        },
        "x86_64-darwin": {
          "outputs": [
            {
              "name": "out",
              "path": "/nix/store/m9jcg3yp042alkymg4qy3k4skyfzxpgs-gh-2.48.0",
              "default": true
            }
          ],
          "store_path": "/nix/store/m9jcg3yp042alkymg4qy3k4skyfzxpgs-gh-2.48.0"
        },
        "x86_64-linux": {
          "outputs": [
            {
              "name": "out",
              "path": "/nix/store/yk2hqa1jnc9r26q93cs8m6gi4872s1ga-gh-2.48.0",
              "default": true
            }
          ],
          "store_path": "/nix/store/yk2hqa1jnc9r26q93cs8m6gi4872s1ga-gh-2.48.0"
        }
      }
    },
    "gum@0.13.0": {
      "last_modified": "2024-04-19T17:36:04-04:00",
      "resolved": "github:NixOS/nixpkgs/92d295f588631b0db2da509f381b4fb1e74173c5#gum",
      "source": "devbox-search",
      "version": "0.13.0",
      "systems": {
        "aarch64-darwin": {
          "outputs": [
            {
              "name": "out",
              "path": "/nix/store/rv7y82ylid613qkg947a1icajp41jhr1-gum-0.13.0",
              "default": true
            }
          ],
          "store_path": "/nix/store/rv7y82ylid613qkg947a1icajp41jhr1-gum-0.13.0"
        },
        "aarch64-linux": {
          "outputs": [
            {
              "name": "out",
              "path": "/nix/store/mcbsnqvcz9q3j6mnbpwy5brid0zgzll6-gum-0.13.0",
              "default": true
            }
          ],
          "store_path": "/nix/store/mcbsnqvcz9q3j6mnbpwy5brid0zgzll6-gum-0.13.0"
        },
        "x86_64-darwin": {
          "outputs": [
            {
              "name": "out",
              "path": "/nix/store/vf21qsvvsmfs9diw5bk9b32iavp9pdfx-gum-0.13.0",
              "default": true
            }
          ],
          "store_path": "/nix/store/vf21qsvvsmfs9diw5bk9b32iavp9pdfx-gum-0.13.0"
        },
        "x86_64-linux": {
          "outputs": [
            {
              "name": "out",
              "path": "/nix/store/lmc0z0s5zlq5vvyv5y0cxhi727dzvq02-gum-0.13.0",
              "default": true
            }
          ],
          "store_path": "/nix/store/lmc0z0s5zlq5vvyv5y0cxhi727dzvq02-gum-0.13.0"
        }
      }
    },
    "jq@1.7.1": {
      "last_modified": "2024-04-21T04:20:59-04:00",
      "resolved": "github:NixOS/nixpkgs/f2d7a289c5a5ece8521dd082b81ac7e4a57c2c5c#jq",
      "source": "devbox-search",
      "version": "1.7.1",
      "systems": {
        "aarch64-darwin": {
          "outputs": [
            {
              "name": "bin",
              "path": "/nix/store/cpd390lw7hzsbvsq02d3prxjyj987ykg-jq-1.7.1-bin",
              "default": true
            },
            {
              "name": "man",
              "path": "/nix/store/nm26pqk8f9cfdk42x0fzdhccfhijcycd-jq-1.7.1-man",
              "default": true
            },
            {
              "name": "out",
              "path": "/nix/store/2il8xa2rsv55i0a86ivm59pndqfardhc-jq-1.7.1"
            },
            {
              "name": "dev",
              "path": "/nix/store/j1rai51ycjm9y5bayrfii1y0rqldbxxv-jq-1.7.1-dev"
            },
            {
              "name": "doc",
              "path": "/nix/store/a1sscyljd5lx674lh8ab7wjlb0d03x86-jq-1.7.1-doc"
            },
            {
              "name": "lib",
              "path": "/nix/store/05mw0b8ririsykj8fpc1dy9lgnnlp77i-jq-1.7.1-lib"
            }
          ],
          "store_path": "/nix/store/cpd390lw7hzsbvsq02d3prxjyj987ykg-jq-1.7.1-bin"
        },
        "aarch64-linux": {
          "outputs": [
            {
              "name": "bin",
              "path": "/nix/store/www2wsy5azig3si2mcvcbig36npvz8p0-jq-1.7.1-bin",
              "default": true
            },
            {
              "name": "man",
              "path": "/nix/store/f8kd7zxmlciy87xrf1j36q2rymld3a22-jq-1.7.1-man",
              "default": true
            },
            {
              "name": "dev",
              "path": "/nix/store/b8ji00dhcknd1p9afa80ydral59z6dzp-jq-1.7.1-dev"
            },
            {
              "name": "doc",
              "path": "/nix/store/xmam34cnczr17warmz692jd3dyip25aq-jq-1.7.1-doc"
            },
            {
              "name": "lib",
              "path": "/nix/store/88miljr5qkqdzlhm7ib26fws4hkz04s8-jq-1.7.1-lib"
            },
            {
              "name": "out",
              "path": "/nix/store/dkpfzwwl049kk1dwnyjacabjvszjknww-jq-1.7.1"
            }
          ],
          "store_path": "/nix/store/www2wsy5azig3si2mcvcbig36npvz8p0-jq-1.7.1-bin"
        },
        "x86_64-darwin": {
          "outputs": [
            {
              "name": "bin",
              "path": "/nix/store/7v052gsm0fs3n9bcr9hdffspq8fnq872-jq-1.7.1-bin",
              "default": true
            },
            {
              "name": "man",
              "path": "/nix/store/dfsyxb7dqxwp3n1bnrzrvbz6lkmz8wyl-jq-1.7.1-man",
              "default": true
            },
            {
              "name": "dev",
              "path": "/nix/store/p0q6vmks1ql07g9hv1p63mkvbs7331xq-jq-1.7.1-dev"
            },
            {
              "name": "doc",
              "path": "/nix/store/3mj72b0gx9kz2y04pcbnfvv6sk8y4jbi-jq-1.7.1-doc"
            },
            {
              "name": "lib",
              "path": "/nix/store/j5qzf4k1c747ci0fp2wdp9xa1czkb5s5-jq-1.7.1-lib"
            },
            {
              "name": "out",
              "path": "/nix/store/fni2q2wmlr64d70j0dw97zhhzmay1nm3-jq-1.7.1"
            }
          ],
          "store_path": "/nix/store/7v052gsm0fs3n9bcr9hdffspq8fnq872-jq-1.7.1-bin"
        },
        "x86_64-linux": {
          "outputs": [
            {
              "name": "bin",
              "path": "/nix/store/sxmad6bc8j8qgqvcc7278fjsrgm89qkc-jq-1.7.1-bin",
              "default": true
            },
            {
              "name": "man",
              "path": "/nix/store/4d9grvh3ssqdqqzycbiyh535ikbs7rg7-jq-1.7.1-man",
              "default": true
            },
            {
              "name": "dev",
              "path": "/nix/store/82ma9xbiyybcqxmcqxd625hmv4nig19r-jq-1.7.1-dev"
            },
            {
              "name": "doc",
              "path": "/nix/store/q55rnn9jh9h3r6imb07w53dyk8d9sd1l-jq-1.7.1-doc"
            },
            {
              "name": "lib",
              "path": "/nix/store/rg32apprx9b1bidimbpypjcb3j4zp0vy-jq-1.7.1-lib"
            },
            {
              "name": "out",
              "path": "/nix/store/4isj4w52vpavwfd8yj9r78dmyg4zy48y-jq-1.7.1"
            }
          ],
          "store_path": "/nix/store/sxmad6bc8j8qgqvcc7278fjsrgm89qkc-jq-1.7.1-bin"
        }
      }
    },
    "kind@0.22.0": {
      "last_modified": "2024-04-19T17:36:04-04:00",
      "resolved": "github:NixOS/nixpkgs/92d295f588631b0db2da509f381b4fb1e74173c5#kind",
      "source": "devbox-search",
      "version": "0.22.0",
      "systems": {
        "aarch64-darwin": {
          "outputs": [
            {
              "name": "out",
              "path": "/nix/store/7b44andnvna5df49kxck6i4va51y2izm-kind-0.22.0",
              "default": true
            }
          ],
          "store_path": "/nix/store/7b44andnvna5df49kxck6i4va51y2izm-kind-0.22.0"
        },
        "aarch64-linux": {
          "outputs": [
            {
              "name": "out",
              "path": "/nix/store/qjq6mvqrhyr4hwmx5bdnfhjjlvqqcznb-kind-0.22.0",
              "default": true
            }
          ],
          "store_path": "/nix/store/qjq6mvqrhyr4hwmx5bdnfhjjlvqqcznb-kind-0.22.0"
        },
        "x86_64-darwin": {
          "outputs": [
            {
              "name": "out",
              "path": "/nix/store/dslzli66l7dhyqjwfs4r2j9bxdx0m23w-kind-0.22.0",
              "default": true
            }
          ],
          "store_path": "/nix/store/dslzli66l7dhyqjwfs4r2j9bxdx0m23w-kind-0.22.0"
        },
        "x86_64-linux": {
          "outputs": [
            {
              "name": "out",
              "path": "/nix/store/nd4i4035fm5055m7y6j8pg5s24139ppf-kind-0.22.0",
              "default": true
            }
          ],
          "store_path": "/nix/store/nd4i4035fm5055m7y6j8pg5s24139ppf-kind-0.22.0"
        }
      }
    },
    "kubectl@1.29.4": {
      "last_modified": "2024-04-19T17:36:04-04:00",
      "resolved": "github:NixOS/nixpkgs/92d295f588631b0db2da509f381b4fb1e74173c5#kubectl",
      "source": "devbox-search",
      "version": "1.29.4",
      "systems": {
        "aarch64-darwin": {
          "outputs": [
            {
              "name": "out",
              "path": "/nix/store/wpjydnaaz6dahlavp8cll4afd9abgi9q-kubectl-1.29.4",
              "default": true
            },
            {
              "name": "man",
              "path": "/nix/store/7l0z7jvpnwmnj1g9pcflyfykn321xih4-kubectl-1.29.4-man",
              "default": true
            },
            {
              "name": "convert",
              "path": "/nix/store/z5av2wbpms2bwqk5a009lf6lm44v288v-kubectl-1.29.4-convert"
            }
          ],
          "store_path": "/nix/store/wpjydnaaz6dahlavp8cll4afd9abgi9q-kubectl-1.29.4"
        },
        "aarch64-linux": {
          "outputs": [
            {
              "name": "out",
              "path": "/nix/store/hqd784c4j64nrd1rslb9f8c51qyk13vh-kubectl-1.29.4",
              "default": true
            },
            {
              "name": "man",
              "path": "/nix/store/kjarbx8gwdbjkaaahy4zdqa4g7nm2pv9-kubectl-1.29.4-man",
              "default": true
            },
            {
              "name": "convert",
              "path": "/nix/store/d6qn1817mw5gx6r87v381pcv4myp0zm6-kubectl-1.29.4-convert"
            }
          ],
          "store_path": "/nix/store/hqd784c4j64nrd1rslb9f8c51qyk13vh-kubectl-1.29.4"
        },
        "x86_64-darwin": {
          "outputs": [
            {
              "name": "out",
              "path": "/nix/store/c6xmni82xxhwnzz1hsjs6vlf22j46i2q-kubectl-1.29.4",
              "default": true
            },
            {
              "name": "man",
              "path": "/nix/store/427pw654765qzbhqhnbxa5bfi3w7r2dg-kubectl-1.29.4-man",
              "default": true
            },
            {
              "name": "convert",
              "path": "/nix/store/rzij99nbffblpxwrdwavw4h2iavgxzcz-kubectl-1.29.4-convert"
            }
          ],
          "store_path": "/nix/store/c6xmni82xxhwnzz1hsjs6vlf22j46i2q-kubectl-1.29.4"
        },
        "x86_64-linux": {
          "outputs": [
            {
              "name": "out",
              "path": "/nix/store/wvv8p10f1cz3wbikjhlvamqzhkb3khr4-kubectl-1.29.4",
              "default": true
            },
            {
              "name": "man",
              "path": "/nix/store/ydxqa2xl8hh4sg2n56zv59fmkq979zjm-kubectl-1.29.4-man",
              "default": true
            },
            {
              "name": "convert",
              "path": "/nix/store/dp29pz35110sspxlbkn87nvjnannhnkv-kubectl-1.29.4-convert"
            }
          ],
          "store_path": "/nix/store/wvv8p10f1cz3wbikjhlvamqzhkb3khr4-kubectl-1.29.4"
        }
      }
    },
    "kubernetes-helm@3.14.4": {
      "last_modified": "2024-04-19T17:36:04-04:00",
      "resolved": "github:NixOS/nixpkgs/92d295f588631b0db2da509f381b4fb1e74173c5#kubernetes-helm",
      "source": "devbox-search",
      "version": "3.14.4",
      "systems": {
        "aarch64-darwin": {
          "outputs": [
            {
              "name": "out",
              "path": "/nix/store/1rlaqgp0b551xzi4mi31wy2zwk3qbs4j-kubernetes-helm-3.14.4",
              "default": true
            }
          ],
          "store_path": "/nix/store/1rlaqgp0b551xzi4mi31wy2zwk3qbs4j-kubernetes-helm-3.14.4"
        },
        "aarch64-linux": {
          "outputs": [
            {
              "name": "out",
              "path": "/nix/store/jl1h7r1m77qi845ji1grrchgvcsjb7w6-kubernetes-helm-3.14.4",
              "default": true
            }
          ],
          "store_path": "/nix/store/jl1h7r1m77qi845ji1grrchgvcsjb7w6-kubernetes-helm-3.14.4"
        },
        "x86_64-darwin": {
          "outputs": [
            {
              "name": "out",
              "path": "/nix/store/hl7n59kix0bv78vgiq4irkscgyndm81h-kubernetes-helm-3.14.4",
              "default": true
            }
          ],
          "store_path": "/nix/store/hl7n59kix0bv78vgiq4irkscgyndm81h-kubernetes-helm-3.14.4"
        },
        "x86_64-linux": {
          "outputs": [
            {
              "name": "out",
              "path": "/nix/store/mg1wazgldz91y0k2nfks8w3imlpmf4k7-kubernetes-helm-3.14.4",
              "default": true
            }
          ],
          "store_path": "/nix/store/mg1wazgldz91y0k2nfks8w3imlpmf4k7-kubernetes-helm-3.14.4"
        }
      }
    },
    "teller@1.5.6": {
      "last_modified": "2024-04-19T17:36:04-04:00",
      "resolved": "github:NixOS/nixpkgs/92d295f588631b0db2da509f381b4fb1e74173c5#teller",
      "source": "devbox-search",
      "version": "1.5.6",
      "systems": {
        "aarch64-darwin": {
          "outputs": [
            {
              "name": "out",
              "path": "/nix/store/h614c6g6ns821z9jfkfn6m59a4pl627c-teller-1.5.6",
              "default": true
            }
          ],
          "store_path": "/nix/store/h614c6g6ns821z9jfkfn6m59a4pl627c-teller-1.5.6"
        },
        "aarch64-linux": {
          "outputs": [
            {
              "name": "out",
              "path": "/nix/store/4lr2gsrnhs5v3x4yxfr2d6rprwlh1vd6-teller-1.5.6",
              "default": true
            }
          ],
          "store_path": "/nix/store/4lr2gsrnhs5v3x4yxfr2d6rprwlh1vd6-teller-1.5.6"
        },
        "x86_64-darwin": {
          "outputs": [
            {
              "name": "out",
              "path": "/nix/store/nq2jnmi0ib7pvi7apmv9m82kp4pz5f7w-teller-1.5.6",
              "default": true
            }
          ],
          "store_path": "/nix/store/nq2jnmi0ib7pvi7apmv9m82kp4pz5f7w-teller-1.5.6"
        },
        "x86_64-linux": {
          "outputs": [
            {
              "name": "out",
              "path": "/nix/store/kkrlm441vwm26dqci145fdqfr2j751hr-teller-1.5.6",
              "default": true
            }
          ],
          "store_path": "/nix/store/kkrlm441vwm26dqci145fdqfr2j751hr-teller-1.5.6"
        }
      }
    },
    "viddy@0.4.0": {
      "last_modified": "2024-04-19T17:36:04-04:00",
      "resolved": "github:NixOS/nixpkgs/92d295f588631b0db2da509f381b4fb1e74173c5#viddy",
      "source": "devbox-search",
      "version": "0.4.0",
      "systems": {
        "aarch64-darwin": {
          "outputs": [
            {
              "name": "out",
              "path": "/nix/store/zj4zdv01ik9x3mjdrjd4vhqwxrpqzzpg-viddy-0.4.0",
              "default": true
            }
          ],
          "store_path": "/nix/store/zj4zdv01ik9x3mjdrjd4vhqwxrpqzzpg-viddy-0.4.0"
        },
        "aarch64-linux": {
          "outputs": [
            {
              "name": "out",
              "path": "/nix/store/mwbhw490mp3dsqb3f5v05h6h56p9x88k-viddy-0.4.0",
              "default": true
            }
          ],
          "store_path": "/nix/store/mwbhw490mp3dsqb3f5v05h6h56p9x88k-viddy-0.4.0"
        },
        "x86_64-darwin": {
          "outputs": [
            {
              "name": "out",
              "path": "/nix/store/5hdagc0lwhz5jjc96x04a4if6xn1z34i-viddy-0.4.0",
              "default": true
            }
          ],
          "store_path": "/nix/store/5hdagc0lwhz5jjc96x04a4if6xn1z34i-viddy-0.4.0"
        },
        "x86_64-linux": {
          "outputs": [
            {
              "name": "out",
              "path": "/nix/store/b0fq810f916nfpb6hk0akif055qkdbf7-viddy-0.4.0",
              "default": true
            }
          ],
          "store_path": "/nix/store/b0fq810f916nfpb6hk0akif055qkdbf7-viddy-0.4.0"
        }
      }
    },
    "yq-go@4.43.1": {
      "last_modified": "2024-04-19T17:36:04-04:00",
      "resolved": "github:NixOS/nixpkgs/92d295f588631b0db2da509f381b4fb1e74173c5#yq-go",
      "source": "devbox-search",
      "version": "4.43.1",
      "systems": {
        "aarch64-darwin": {
          "outputs": [
            {
              "name": "out",
              "path": "/nix/store/rfiv0y75hj8730n1a6drnjhkk7vhdl9j-yq-go-4.43.1",
              "default": true
            }
          ],
          "store_path": "/nix/store/rfiv0y75hj8730n1a6drnjhkk7vhdl9j-yq-go-4.43.1"
        },
        "aarch64-linux": {
          "outputs": [
            {
              "name": "out",
              "path": "/nix/store/jni4dcywxfmwabxqmadp6lha4bn2sv2a-yq-go-4.43.1",
              "default": true
            }
          ],
          "store_path": "/nix/store/jni4dcywxfmwabxqmadp6lha4bn2sv2a-yq-go-4.43.1"
        },
        "x86_64-darwin": {
          "outputs": [
            {
              "name": "out",
              "path": "/nix/store/kd7h15ml6ypamdm65vdw1961zmcrqswk-yq-go-4.43.1",
              "default": true
            }
          ],
          "store_path": "/nix/store/kd7h15ml6ypamdm65vdw1961zmcrqswk-yq-go-4.43.1"
        },
        "x86_64-linux": {
          "outputs": [
            {
              "name": "out",
              "path": "/nix/store/3im0h6slqakpx47p6y87var90hsvxqsy-yq-go-4.43.1",
              "default": true
            }
          ],
          "store_path": "/nix/store/3im0h6slqakpx47p6y87var90hsvxqsy-yq-go-4.43.1"
        }
      }
    }
  }
}
